<?xml version="1.0" encoding="utf-8"?>
<Project ToolsVersion="4.0" xmlns="http://schemas.microsoft.com/developer/msbuild/2003">
  <ItemGroup>
    <Filter Include="Source Files">
      <UniqueIdentifier>{4FC737F1-C7A5-4376-A066-2A32D752A2FF}</UniqueIdentifier>
      <Extensions>cpp;c;cc;cxx;def;odl;idl;hpj;bat;asm;asmx</Extensions>
    </Filter>
    <Filter Include="Header Files">
      <UniqueIdentifier>{93995380-89BD-4b04-88EB-625FBE52EBFB}</UniqueIdentifier>
      <Extensions>h;hpp;hxx;hm;inl;inc;xsd</Extensions>
    </Filter>
    <Filter Include="Resource Files">
      <UniqueIdentifier>{67DA6AB6-F800-4c08-8B7A-83BB121AAD01}</UniqueIdentifier>
      <Extensions>rc;ico;cur;bmp;dlg;rc2;rct;bin;rgs;gif;jpg;jpeg;jpe;resx;tiff;tif;png;wav;mfcribbon-ms</Extensions>
    </Filter>
    <Filter Include="Header Files\Artemis">
      <UniqueIdentifier>{f338d37a-a208-46a8-aa2a-271d7c1bdcfe}</UniqueIdentifier>
    </Filter>
    <Filter Include="Source Files\Artemis">
      <UniqueIdentifier>{2424bda8-2755-40a3-a54e-d7590d83c732}</UniqueIdentifier>
    </Filter>
    <Filter Include="Header Files\Components">
      <UniqueIdentifier>{6c4765c8-9cf3-4fd7-a18e-5a042a40e468}</UniqueIdentifier>
    </Filter>
    <Filter Include="Header Files\Systems">
      <UniqueIdentifier>{bb4bd790-5ad7-449d-b58a-4f9bf67afe52}</UniqueIdentifier>
    </Filter>
    <Filter Include="Source Files\Systems">
      <UniqueIdentifier>{ccc064f2-0bc7-4331-a949-ca05ca054d9a}</UniqueIdentifier>
    </Filter>
    <Filter Include="Header Files\Observer">
      <UniqueIdentifier>{f79dba5c-da32-4a27-b9a5-f33f2b1b28a0}</UniqueIdentifier>
    </Filter>
    <Filter Include="Source Files\Observer">
      <UniqueIdentifier>{13cbe497-23ca-4ad5-8117-1d75c83d02f8}</UniqueIdentifier>
    </Filter>
    <Filter Include="Header Files\States">
      <UniqueIdentifier>{8597fc89-17b9-4760-b893-0dc1098e96be}</UniqueIdentifier>
    </Filter>
    <Filter Include="Source Files\States">
      <UniqueIdentifier>{8a0ddba2-9073-4368-a57d-43d843a90dd0}</UniqueIdentifier>
    </Filter>
    <Filter Include="Header Files\Commands">
      <UniqueIdentifier>{f7c3a1b3-e415-4490-a12b-34a56a63c580}</UniqueIdentifier>
    </Filter>
    <Filter Include="Header Files\File IO">
      <UniqueIdentifier>{35ab51b4-4d62-4193-94be-f1e1b345b029}</UniqueIdentifier>
    </Filter>
    <Filter Include="Header Files\File IO\json">
      <UniqueIdentifier>{c472faa2-a60d-437d-b10b-8fbc298b2282}</UniqueIdentifier>
    </Filter>
    <Filter Include="Source Files\File IO">
      <UniqueIdentifier>{fa825742-c18d-4177-add6-81b9c7ee1e8c}</UniqueIdentifier>
    </Filter>
    <Filter Include="Source Files\File IO\json">
      <UniqueIdentifier>{49037039-7140-4992-81c0-b50bfe1598db}</UniqueIdentifier>
    </Filter>
    <Filter Include="Header Files\Items">
      <UniqueIdentifier>{2a6546b2-c754-4b08-a448-22a246375fab}</UniqueIdentifier>
    </Filter>
    <Filter Include="Source Files\Items">
      <UniqueIdentifier>{296fc818-2649-43bb-8779-4afa6ad96e7e}</UniqueIdentifier>
    </Filter>
  </ItemGroup>
  <ItemGroup>
    <ClCompile Include="Component.cpp">
      <Filter>Source Files\Artemis</Filter>
    </ClCompile>
    <ClCompile Include="ComponentType.cpp">
      <Filter>Source Files\Artemis</Filter>
    </ClCompile>
    <ClCompile Include="ComponentTypeManager.cpp">
      <Filter>Source Files\Artemis</Filter>
    </ClCompile>
    <ClCompile Include="DelayedEntityProcessingSystem.cpp">
      <Filter>Source Files\Artemis</Filter>
    </ClCompile>
    <ClCompile Include="DelayedEntitySystem.cpp">
      <Filter>Source Files\Artemis</Filter>
    </ClCompile>
    <ClCompile Include="EntityManager.cpp">
      <Filter>Source Files\Artemis</Filter>
    </ClCompile>
    <ClCompile Include="EntityProcessingSystem.cpp">
      <Filter>Source Files\Artemis</Filter>
    </ClCompile>
    <ClCompile Include="EntitySystem.cpp">
      <Filter>Source Files\Artemis</Filter>
    </ClCompile>
    <ClCompile Include="GroupManager.cpp">
      <Filter>Source Files\Artemis</Filter>
    </ClCompile>
    <ClCompile Include="SystemBitManager.cpp">
      <Filter>Source Files\Artemis</Filter>
    </ClCompile>
    <ClCompile Include="SystemManager.cpp">
      <Filter>Source Files\Artemis</Filter>
    </ClCompile>
    <ClCompile Include="TagManager.cpp">
      <Filter>Source Files\Artemis</Filter>
    </ClCompile>
    <ClCompile Include="World.cpp">
      <Filter>Source Files\Artemis</Filter>
    </ClCompile>
    <ClCompile Include="Entity.cpp">
      <Filter>Source Files\Artemis</Filter>
    </ClCompile>
    <ClCompile Include="main.cpp">
      <Filter>Source Files</Filter>
    </ClCompile>
    <ClCompile Include="I_Subject.cpp">
      <Filter>Source Files\Observer</Filter>
    </ClCompile>
    <ClCompile Include="Game.cpp">
      <Filter>Source Files</Filter>
    </ClCompile>
    <ClCompile Include="GameState.cpp">
      <Filter>Source Files\States</Filter>
    </ClCompile>
    <ClCompile Include="InputHandlingSystem.cpp">
      <Filter>Source Files\Systems</Filter>
    </ClCompile>
    <ClCompile Include="Animation.cpp">
      <Filter>Source Files</Filter>
    </ClCompile>
    <ClCompile Include="AnimationSystem.cpp">
      <Filter>Source Files\Systems</Filter>
    </ClCompile>
    <ClCompile Include="PausableClock.cpp">
      <Filter>Source Files</Filter>
    </ClCompile>
    <ClCompile Include="BattleState.cpp">
      <Filter>Source Files\States</Filter>
    </ClCompile>
    <ClCompile Include="MainMenuState.cpp">
      <Filter>Source Files\States</Filter>
    </ClCompile>
    <ClCompile Include="MenuComponentSystem.cpp">
      <Filter>Source Files\Systems</Filter>
    </ClCompile>
    <ClCompile Include="CreditsMenuState.cpp">
      <Filter>Source Files\States</Filter>
    </ClCompile>
    <ClCompile Include="json_reader.cpp">
      <Filter>Source Files\File IO\json</Filter>
    </ClCompile>
    <ClCompile Include="json_value.cpp">
      <Filter>Source Files\File IO\json</Filter>
    </ClCompile>
    <ClCompile Include="json_writer.cpp">
      <Filter>Source Files\File IO\json</Filter>
    </ClCompile>
    <ClCompile Include="CollisionSystem.cpp">
      <Filter>Source Files\Systems</Filter>
    </ClCompile>
    <ClCompile Include="TextureManager.cpp">
      <Filter>Source Files\File IO</Filter>
    </ClCompile>
    <ClCompile Include="FontManager.cpp">
      <Filter>Source Files\File IO</Filter>
    </ClCompile>
    <ClCompile Include="HealthPotion.cpp">
      <Filter>Source Files\Items</Filter>
    </ClCompile>
    <ClCompile Include="CharacterAttributesSubject.cpp">
      <Filter>Source Files\Observer</Filter>
    </ClCompile>
    <ClCompile Include="InventoryMenuSystem.cpp">
      <Filter>Source Files\Systems</Filter>
    </ClCompile>
    <ClCompile Include="FileLoader.cpp">
      <Filter>Source Files\File IO</Filter>
    </ClCompile>
    <ClCompile Include="ParticleEmitter.cpp">
      <Filter>Source Files</Filter>
    </ClCompile>
  </ItemGroup>
  <ItemGroup>
    <ClInclude Include="Artemis\Artemis.h">
      <Filter>Header Files\Artemis</Filter>
    </ClInclude>
    <ClInclude Include="Artemis\BitSize.h">
      <Filter>Header Files\Artemis</Filter>
    </ClInclude>
    <ClInclude Include="Artemis\Component.h">
      <Filter>Header Files\Artemis</Filter>
    </ClInclude>
    <ClInclude Include="Artemis\ComponentMapper.h">
      <Filter>Header Files\Artemis</Filter>
    </ClInclude>
    <ClInclude Include="Artemis\ComponentType.h">
      <Filter>Header Files\Artemis</Filter>
    </ClInclude>
    <ClInclude Include="Artemis\ComponentTypeManager.h">
      <Filter>Header Files\Artemis</Filter>
    </ClInclude>
    <ClInclude Include="Artemis\DelayedEntityProcessingSystem.h">
      <Filter>Header Files\Artemis</Filter>
    </ClInclude>
    <ClInclude Include="Artemis\DelayedEntitySystem.h">
      <Filter>Header Files\Artemis</Filter>
    </ClInclude>
    <ClInclude Include="Artemis\Entity.h">
      <Filter>Header Files\Artemis</Filter>
    </ClInclude>
    <ClInclude Include="Artemis\EntityManager.h">
      <Filter>Header Files\Artemis</Filter>
    </ClInclude>
    <ClInclude Include="Artemis\EntityProcessingSystem.h">
      <Filter>Header Files\Artemis</Filter>
    </ClInclude>
    <ClInclude Include="Artemis\EntitySystem.h">
      <Filter>Header Files\Artemis</Filter>
    </ClInclude>
    <ClInclude Include="Artemis\GroupManager.h">
      <Filter>Header Files\Artemis</Filter>
    </ClInclude>
    <ClInclude Include="Artemis\ImmutableBag.h">
      <Filter>Header Files\Artemis</Filter>
    </ClInclude>
    <ClInclude Include="Artemis\SystemBitManager.h">
      <Filter>Header Files\Artemis</Filter>
    </ClInclude>
    <ClInclude Include="Artemis\SystemManager.h">
      <Filter>Header Files\Artemis</Filter>
    </ClInclude>
    <ClInclude Include="Artemis\TagManager.h">
      <Filter>Header Files\Artemis</Filter>
    </ClInclude>
    <ClInclude Include="Artemis\TypeInfoComparator.h">
      <Filter>Header Files\Artemis</Filter>
    </ClInclude>
    <ClInclude Include="Artemis\World.h">
      <Filter>Header Files\Artemis</Filter>
    </ClInclude>
    <ClInclude Include="PositionComponent.h">
      <Filter>Header Files\Components</Filter>
    </ClInclude>
    <ClInclude Include="SpriteComponent.h">
      <Filter>Header Files\Components</Filter>
    </ClInclude>
    <ClInclude Include="VelocityComponent.h">
      <Filter>Header Files\Components</Filter>
    </ClInclude>
    <ClInclude Include="MovementSystem.h">
      <Filter>Header Files\Systems</Filter>
    </ClInclude>
    <ClInclude Include="SpriteSystem.h">
      <Filter>Header Files\Systems</Filter>
    </ClInclude>
    <ClInclude Include="I_Observer.h">
      <Filter>Header Files\Observer</Filter>
    </ClInclude>
    <ClInclude Include="I_Subject.h">
      <Filter>Header Files\Observer</Filter>
    </ClInclude>
    <ClInclude Include="Global.h">
      <Filter>Header Files</Filter>
    </ClInclude>
    <ClInclude Include="Game.h">
      <Filter>Header Files</Filter>
    </ClInclude>
    <ClInclude Include="GameState.h">
      <Filter>Header Files\States</Filter>
    </ClInclude>
    <ClInclude Include="MainMenuState.h">
      <Filter>Header Files\States</Filter>
    </ClInclude>
    <ClInclude Include="ScreenState.h">
      <Filter>Header Files\States</Filter>
    </ClInclude>
    <ClInclude Include="InputHandlingSystem.h">
      <Filter>Header Files\Systems</Filter>
    </ClInclude>
    <ClInclude Include="Command.h">
      <Filter>Header Files\Commands</Filter>
    </ClInclude>
    <ClInclude Include="NoCommand.h">
      <Filter>Header Files\Commands</Filter>
    </ClInclude>
    <ClInclude Include="PlayerInputComponent.h">
      <Filter>Header Files\Components</Filter>
    </ClInclude>
    <ClInclude Include="Commands.h">
      <Filter>Header Files\Commands</Filter>
    </ClInclude>
    <ClInclude Include="Frame.h">
      <Filter>Header Files</Filter>
    </ClInclude>
    <ClInclude Include="Animation.h">
      <Filter>Header Files</Filter>
    </ClInclude>
    <ClInclude Include="AnimationComponent.h">
      <Filter>Header Files\Components</Filter>
    </ClInclude>
    <ClInclude Include="AnimationSystem.h">
      <Filter>Header Files\Systems</Filter>
    </ClInclude>
    <ClInclude Include="PausableClock.h">
      <Filter>Header Files</Filter>
    </ClInclude>
    <ClInclude Include="MathHelper.h">
      <Filter>Header Files</Filter>
    </ClInclude>
    <ClInclude Include="BattleState.h">
      <Filter>Header Files\States</Filter>
    </ClInclude>
    <ClInclude Include="Ability.h">
      <Filter>Header Files</Filter>
    </ClInclude>
    <ClInclude Include="I_State.h">
      <Filter>Header Files\States</Filter>
    </ClInclude>
    <ClInclude Include="MenuTextComponent.h">
      <Filter>Header Files\Components</Filter>
    </ClInclude>
    <ClInclude Include="MenuComponentRenderingSystem.h">
      <Filter>Header Files\Systems</Filter>
    </ClInclude>
    <ClInclude Include="MenuComponentSystem.h">
      <Filter>Header Files\Systems</Filter>
    </ClInclude>
    <ClInclude Include="CreditsMenuState.h">
      <Filter>Header Files\States</Filter>
    </ClInclude>
    <ClInclude Include="CameraSystem.h">
      <Filter>Header Files\Systems</Filter>
    </ClInclude>
    <ClInclude Include="CameraComponent.h">
      <Filter>Header Files\Components</Filter>
    </ClInclude>
    <ClInclude Include="json\autolink.h">
      <Filter>Header Files\File IO\json</Filter>
    </ClInclude>
    <ClInclude Include="json\config.h">
      <Filter>Header Files\File IO\json</Filter>
    </ClInclude>
    <ClInclude Include="json\features.h">
      <Filter>Header Files\File IO\json</Filter>
    </ClInclude>
    <ClInclude Include="json\forwards.h">
      <Filter>Header Files\File IO\json</Filter>
    </ClInclude>
    <ClInclude Include="json\json.h">
      <Filter>Header Files\File IO\json</Filter>
    </ClInclude>
    <ClInclude Include="json\reader.h">
      <Filter>Header Files\File IO\json</Filter>
    </ClInclude>
    <ClInclude Include="json\value.h">
      <Filter>Header Files\File IO\json</Filter>
    </ClInclude>
    <ClInclude Include="json\writer.h">
      <Filter>Header Files\File IO\json</Filter>
    </ClInclude>
    <ClInclude Include="json_batchallocator.h">
      <Filter>Source Files\File IO\json</Filter>
    </ClInclude>
    <ClInclude Include="HUDComponent.h">
      <Filter>Header Files\Components</Filter>
    </ClInclude>
    <ClInclude Include="GuageBar.h">
      <Filter>Header Files</Filter>
    </ClInclude>
    <ClInclude Include="BattleHUDSystem.h">
      <Filter>Header Files\Systems</Filter>
    </ClInclude>
    <ClInclude Include="MovementComponent.h">
      <Filter>Header Files\Components</Filter>
    </ClInclude>
    <ClInclude Include="CollisionSystem.h">
      <Filter>Header Files\Systems</Filter>
    </ClInclude>
    <ClInclude Include="CollisionComponent.h">
      <Filter>Header Files\Components</Filter>
    </ClInclude>
    <ClInclude Include="CollisionboxUpdateSystem.h">
      <Filter>Header Files\Systems</Filter>
    </ClInclude>
    <ClInclude Include="CollisionType.h">
      <Filter>Header Files</Filter>
    </ClInclude>
    <ClInclude Include="Tile.h">
      <Filter>Header Files</Filter>
    </ClInclude>
    <ClInclude Include="ViewRelativePositionUpdateSystem.h">
      <Filter>Header Files\Systems</Filter>
    </ClInclude>
    <ClInclude Include="ViewPositionComponent.h">
      <Filter>Header Files\Components</Filter>
    </ClInclude>
    <ClInclude Include="AnimationCollisionBoxUpdateSystem.h">
      <Filter>Header Files\Systems</Filter>
    </ClInclude>
    <ClInclude Include="TextureManager.h">
      <Filter>Header Files\File IO</Filter>
    </ClInclude>
    <ClInclude Include="GameResourceManager.h">
      <Filter>Header Files\File IO</Filter>
    </ClInclude>
    <ClInclude Include="FontManager.h">
      <Filter>Header Files\File IO</Filter>
    </ClInclude>
    <ClInclude Include="Item.h">
      <Filter>Header Files\Items</Filter>
    </ClInclude>
    <ClInclude Include="EquipableItem.h">
      <Filter>Header Files\Items</Filter>
    </ClInclude>
    <ClInclude Include="UsableItem.h">
      <Filter>Header Files\Items</Filter>
    </ClInclude>
    <ClInclude Include="HealthPotion.h">
      <Filter>Header Files\Items</Filter>
    </ClInclude>
    <ClInclude Include="ActivatableComponent.h">
      <Filter>Header Files\Components</Filter>
    </ClInclude>
    <ClInclude Include="MenuComponentGroupRenderingSystem.h">
      <Filter>Header Files\Systems</Filter>
    </ClInclude>
    <ClInclude Include="InventoryComponent.h">
      <Filter>Header Files\Components</Filter>
    </ClInclude>
    <ClInclude Include="EquipableItemSlots.h">
      <Filter>Header Files\Items</Filter>
    </ClInclude>
    <ClInclude Include="CharacterRPGComponent.h">
      <Filter>Header Files\Components</Filter>
    </ClInclude>
    <ClInclude Include="CharacterAttributesSubject.h">
      <Filter>Header Files\Observer</Filter>
    </ClInclude>
    <ClInclude Include="CharacterAttributes.h">
      <Filter>Header Files</Filter>
    </ClInclude>
    <ClInclude Include="CharacterAttributesObserver.h">
      <Filter>Header Files\Observer</Filter>
    </ClInclude>
    <ClInclude Include="InventoryMenuSystem.h">
      <Filter>Header Files\Systems</Filter>
    </ClInclude>
    <ClInclude Include="FileLoader.h">
      <Filter>Header Files\File IO</Filter>
    </ClInclude>
    <ClInclude Include="DelayComponent.h">
      <Filter>Header Files\Components</Filter>
    </ClInclude>
    <ClInclude Include="ParticleEmitter.h">
      <Filter>Header Files</Filter>
    </ClInclude>
    <ClInclude Include="ParticleSystem.h">
      <Filter>Header Files\Systems</Filter>
    </ClInclude>
    <ClInclude Include="BattleEncounterComponent.h">
      <Filter>Header Files\Components</Filter>
    </ClInclude>
    <ClInclude Include="BattleEncounterSystem.h">
      <Filter>Header Files\Systems</Filter>
    </ClInclude>
  </ItemGroup>
  <ItemGroup>
    <None Include="json_internalarray.inl">
      <Filter>Source Files\File IO\json</Filter>
    </None>
    <None Include="json_internalmap.inl">
      <Filter>Source Files\File IO\json</Filter>
    </None>
    <None Include="json_valueiterator.inl">
      <Filter>Source Files\File IO\json</Filter>
    </None>
  </ItemGroup>
</Project>